
Microsoft Visual Studio Solution File, Format Version 12.00
# Visual Studio 15
VisualStudioVersion = 15.0.28307.1800
MinimumVisualStudioVersion = 10.0.40219.1
Project("{D2ABAB84-BF74-430A-B69E-9DC6D40DDA17}") = "ElectricityManagement_SSAS", "ElectricityManagement_SSAS\ElectricityManagement_SSAS.dwproj", "{5612E770-7A39-436E-B31D-749881588BD4}"
EndProject
Global
	GlobalSection(SolutionConfigurationPlatforms) = preSolution
		Development|Default = Development|Default
	EndGlobalSection
	GlobalSection(ProjectConfigurationPlatforms) = postSolution
		{5612E770-7A39-436E-B31D-749881588BD4}.Development|Default.ActiveCfg = Development
		{5612E770-7A39-436E-B31D-749881588BD4}.Development|Default.Build.0 = Development
		{5612E770-7A39-436E-B31D-749881588BD4}.Development|Default.Deploy.0 = Development
	EndGlobalSection
	GlobalSection(SolutionProperties) = preSolution
		HideSolutionNode = FALSE
	EndGlobalSection
	GlobalSection(ExtensibilityGlobals) = postSolution
		SolutionGuid = {A3B38FDC-E8A4-4FC2-BEBB-F211595F9C15}
	EndGlobalSection
EndGlobal
